Microsoft Visual Studio Solution File, Format Version 12.00
# Visual Studio Version 17
VisualStudioVersion = 17.5.2.0
MinimumVisualStudioVersion = 10.0.40219.1
Project("{FAE04EC0-301F-11D3-BF4B-00C04F79EFBC}") = "PiiScanner", "PiiScanner.csproj", "{760E99C4-B258-21B0-7C3B-6342B2275B86}"
EndProject
Global
	GlobalSection(SolutionConfigurationPlatforms) = preSolution
		Debug|Any CPU = Debug|Any CPU
		Release|Any CPU = Release|Any CPU
	EndGlobalSection
	GlobalSection(ProjectConfigurationPlatforms) = postSolution
		{760E99C4-B258-21B0-7C3B-6342B2275B86}.Debug|Any CPU.ActiveCfg = Debug|Any CPU
		{760E99C4-B258-21B0-7C3B-6342B2275B86}.Debug|Any CPU.Build.0 = Debug|Any CPU
		{760E99C4-B258-21B0-7C3B-6342B2275B86}.Release|Any CPU.ActiveCfg = Release|Any CPU
		{760E99C4-B258-21B0-7C3B-6342B2275B86}.Release|Any CPU.Build.0 = Release|Any CPU
	EndGlobalSection
	GlobalSection(SolutionProperties) = preSolution
		HideSolutionNode = FALSE
	EndGlobalSection
	GlobalSection(ExtensibilityGlobals) = postSolution
		SolutionGuid = {BB91B72F-7D62-430E-9598-619A88597F7E}
	EndGlobalSection
EndGlobal
